
Microsoft Visual Studio Solution File, Format Version 12.00
# Visual Studio Version 16
VisualStudioVersion = 16.0.32407.337
MinimumVisualStudioVersion = 10.0.40219.1
Project("{F184B08F-C81C-45F6-A57F-5ABD9991F28F}") = "Catch Me", "Catch Me\Catch Me.vbproj", "{CDECDDBA-0B72-43FF-BA7F-9B324ABDCB5B}"
EndProject
Global
	GlobalSection(SolutionConfigurationPlatforms) = preSolution
		Debug|Any CPU = Debug|Any CPU
		Release|Any CPU = Release|Any CPU
	EndGlobalSection
	GlobalSection(ProjectConfigurationPlatforms) = postSolution
		{CDECDDBA-0B72-43FF-BA7F-9B324ABDCB5B}.Debug|Any CPU.ActiveCfg = Debug|Any CPU
		{CDECDDBA-0B72-43FF-BA7F-9B324ABDCB5B}.Debug|Any CPU.Build.0 = Debug|Any CPU
		{CDECDDBA-0B72-43FF-BA7F-9B324ABDCB5B}.Release|Any CPU.ActiveCfg = Release|Any CPU
		{CDECDDBA-0B72-43FF-BA7F-9B324ABDCB5B}.Release|Any CPU.Build.0 = Release|Any CPU
	EndGlobalSection
	GlobalSection(SolutionProperties) = preSolution
		HideSolutionNode = FALSE
	EndGlobalSection
	GlobalSection(ExtensibilityGlobals) = postSolution
		SolutionGuid = {B9B3B9E3-0EC7-462C-A795-96A8CAD447FC}
	EndGlobalSection
EndGlobal
